
Microsoft Visual Studio Solution File, Format Version 12.00
# Visual Studio Version 17
VisualStudioVersion = 17.3.32922.545
MinimumVisualStudioVersion = 10.0.40219.1
Project("{FAE04EC0-301F-11D3-BF4B-00C04F79EFBC}") = "WeightDev", "WeightDev\WeightDev.csproj", "{D6AE4EA4-AAEF-47CF-A0CA-9DB107F4AFDC}"
EndProject
Project("{FAE04EC0-301F-11D3-BF4B-00C04F79EFBC}") = "Tester", "Tester\Tester.csproj", "{CDA7EDDE-B7B1-4294-838C-94580FD0EC80}"
EndProject
Global
	GlobalSection(SolutionConfigurationPlatforms) = preSolution
		Debug|Any CPU = Debug|Any CPU
		Debug|x64 = Debug|x64
		Debug|x86 = Debug|x86
		Release|Any CPU = Release|Any CPU
		Release|x64 = Release|x64
		Release|x86 = Release|x86
	EndGlobalSection
	GlobalSection(ProjectConfigurationPlatforms) = postSolution
		{D6AE4EA4-AAEF-47CF-A0CA-9DB107F4AFDC}.Debug|Any CPU.ActiveCfg = Debug|Any CPU
		{D6AE4EA4-AAEF-47CF-A0CA-9DB107F4AFDC}.Debug|Any CPU.Build.0 = Debug|Any CPU
		{D6AE4EA4-AAEF-47CF-A0CA-9DB107F4AFDC}.Debug|x64.ActiveCfg = Debug|x64
		{D6AE4EA4-AAEF-47CF-A0CA-9DB107F4AFDC}.Debug|x64.Build.0 = Debug|x64
		{D6AE4EA4-AAEF-47CF-A0CA-9DB107F4AFDC}.Debug|x86.ActiveCfg = Debug|x86
		{D6AE4EA4-AAEF-47CF-A0CA-9DB107F4AFDC}.Debug|x86.Build.0 = Debug|x86
		{D6AE4EA4-AAEF-47CF-A0CA-9DB107F4AFDC}.Release|Any CPU.ActiveCfg = Release|Any CPU
		{D6AE4EA4-AAEF-47CF-A0CA-9DB107F4AFDC}.Release|Any CPU.Build.0 = Release|Any CPU
		{D6AE4EA4-AAEF-47CF-A0CA-9DB107F4AFDC}.Release|x64.ActiveCfg = Release|x64
		{D6AE4EA4-AAEF-47CF-A0CA-9DB107F4AFDC}.Release|x64.Build.0 = Release|x64
		{D6AE4EA4-AAEF-47CF-A0CA-9DB107F4AFDC}.Release|x86.ActiveCfg = Release|x86
		{D6AE4EA4-AAEF-47CF-A0CA-9DB107F4AFDC}.Release|x86.Build.0 = Release|x86
		{CDA7EDDE-B7B1-4294-838C-94580FD0EC80}.Debug|Any CPU.ActiveCfg = Debug|Any CPU
		{CDA7EDDE-B7B1-4294-838C-94580FD0EC80}.Debug|Any CPU.Build.0 = Debug|Any CPU
		{CDA7EDDE-B7B1-4294-838C-94580FD0EC80}.Debug|x64.ActiveCfg = Debug|x64
		{CDA7EDDE-B7B1-4294-838C-94580FD0EC80}.Debug|x64.Build.0 = Debug|x64
		{CDA7EDDE-B7B1-4294-838C-94580FD0EC80}.Debug|x86.ActiveCfg = Debug|x86
		{CDA7EDDE-B7B1-4294-838C-94580FD0EC80}.Debug|x86.Build.0 = Debug|x86
		{CDA7EDDE-B7B1-4294-838C-94580FD0EC80}.Release|Any CPU.ActiveCfg = Release|Any CPU
		{CDA7EDDE-B7B1-4294-838C-94580FD0EC80}.Release|Any CPU.Build.0 = Release|Any CPU
		{CDA7EDDE-B7B1-4294-838C-94580FD0EC80}.Release|x64.ActiveCfg = Release|x64
		{CDA7EDDE-B7B1-4294-838C-94580FD0EC80}.Release|x64.Build.0 = Release|x64
		{CDA7EDDE-B7B1-4294-838C-94580FD0EC80}.Release|x86.ActiveCfg = Release|x86
		{CDA7EDDE-B7B1-4294-838C-94580FD0EC80}.Release|x86.Build.0 = Release|x86
	EndGlobalSection
	GlobalSection(SolutionProperties) = preSolution
		HideSolutionNode = FALSE
	EndGlobalSection
	GlobalSection(ExtensibilityGlobals) = postSolution
		SolutionGuid = {1AEF3666-8122-42BD-81EC-7043780D21EA}
	EndGlobalSection
EndGlobal
